
Microsoft Visual Studio Solution File, Format Version 12.00
# Visual Studio 15
VisualStudioVersion = 15.0.28010.2036
MinimumVisualStudioVersion = 10.0.40219.1
Project("{FAE04EC0-301F-11D3-BF4B-00C04F79EFBC}") = "Supercluster.KDTree", "Supercluster.KDTree\Supercluster.KDTree.csproj", "{0A65777D-12C4-4186-9481-3C1D0B6212B1}"
EndProject
Project("{FAE04EC0-301F-11D3-BF4B-00C04F79EFBC}") = "Supercluster.KDTree.Tests", "Supercluster.KDTree.Tests\Supercluster.KDTree.Tests.csproj", "{52B24505-6391-4748-A5E2-CD90D632847D}"
EndProject
Global
	GlobalSection(SolutionConfigurationPlatforms) = preSolution
		Debug|Any CPU = Debug|Any CPU
		Release|Any CPU = Release|Any CPU
	EndGlobalSection
	GlobalSection(ProjectConfigurationPlatforms) = postSolution
		{0A65777D-12C4-4186-9481-3C1D0B6212B1}.Debug|Any CPU.ActiveCfg = Debug|Any CPU
		{0A65777D-12C4-4186-9481-3C1D0B6212B1}.Debug|Any CPU.Build.0 = Debug|Any CPU
		{0A65777D-12C4-4186-9481-3C1D0B6212B1}.Release|Any CPU.ActiveCfg = Release|Any CPU
		{0A65777D-12C4-4186-9481-3C1D0B6212B1}.Release|Any CPU.Build.0 = Release|Any CPU
		{52B24505-6391-4748-A5E2-CD90D632847D}.Debug|Any CPU.ActiveCfg = Debug|Any CPU
		{52B24505-6391-4748-A5E2-CD90D632847D}.Debug|Any CPU.Build.0 = Debug|Any CPU
		{52B24505-6391-4748-A5E2-CD90D632847D}.Release|Any CPU.ActiveCfg = Release|Any CPU
		{52B24505-6391-4748-A5E2-CD90D632847D}.Release|Any CPU.Build.0 = Release|Any CPU
	EndGlobalSection
	GlobalSection(SolutionProperties) = preSolution
		HideSolutionNode = FALSE
	EndGlobalSection
	GlobalSection(ExtensibilityGlobals) = postSolution
		SolutionGuid = {1F652855-94FB-4CB3-B29A-4D422ACDB618}
	EndGlobalSection
EndGlobal
